
Microsoft Visual Studio Solution File, Format Version 12.00
# Visual Studio Version 16
VisualStudioVersion = 16.0.30711.63
MinimumVisualStudioVersion = 10.0.40219.1
Project("{E24C65DC-7377-472B-9ABA-BC803B73C61A}") = "WcfServiceEnseignement", "WcfServiceEnseignement\", "{7BAAA198-12D1-4963-8A2E-4E5FF95E1197}"
	ProjectSection(WebsiteProperties) = preProject
		TargetFrameworkMoniker = ".NETFramework,Version%3Dv4.7.2"
		Debug.AspNetCompiler.VirtualPath = "/localhost_64728"
		Debug.AspNetCompiler.PhysicalPath = "WcfServiceEnseignement\"
		Debug.AspNetCompiler.TargetPath = "PrecompiledWeb\localhost_64728\"
		Debug.AspNetCompiler.Updateable = "true"
		Debug.AspNetCompiler.ForceOverwrite = "true"
		Debug.AspNetCompiler.FixedNames = "false"
		Debug.AspNetCompiler.Debug = "True"
		Release.AspNetCompiler.VirtualPath = "/localhost_64728"
		Release.AspNetCompiler.PhysicalPath = "WcfServiceEnseignement\"
		Release.AspNetCompiler.TargetPath = "PrecompiledWeb\localhost_64728\"
		Release.AspNetCompiler.Updateable = "true"
		Release.AspNetCompiler.ForceOverwrite = "true"
		Release.AspNetCompiler.FixedNames = "false"
		Release.AspNetCompiler.Debug = "False"
		VWDPort = "64728"
		SlnRelativePath = "WcfServiceEnseignement\"
		DefaultWebSiteLanguage = "Visual C#"
	EndProjectSection
EndProject
Project("{FAE04EC0-301F-11D3-BF4B-00C04F79EFBC}") = "wpf_ENSAT", "wpf_ENSAT\wpf_ENSAT.csproj", "{F6D5F552-2CA4-41BA-9F8C-C956D2116077}"
	ProjectSection(ProjectDependencies) = postProject
		{7BAAA198-12D1-4963-8A2E-4E5FF95E1197} = {7BAAA198-12D1-4963-8A2E-4E5FF95E1197}
	EndProjectSection
EndProject
Global
	GlobalSection(SolutionConfigurationPlatforms) = preSolution
		Debug|Any CPU = Debug|Any CPU
		Release|Any CPU = Release|Any CPU
	EndGlobalSection
	GlobalSection(ProjectConfigurationPlatforms) = postSolution
		{7BAAA198-12D1-4963-8A2E-4E5FF95E1197}.Debug|Any CPU.ActiveCfg = Debug|Any CPU
		{7BAAA198-12D1-4963-8A2E-4E5FF95E1197}.Debug|Any CPU.Build.0 = Debug|Any CPU
		{7BAAA198-12D1-4963-8A2E-4E5FF95E1197}.Release|Any CPU.ActiveCfg = Debug|Any CPU
		{7BAAA198-12D1-4963-8A2E-4E5FF95E1197}.Release|Any CPU.Build.0 = Debug|Any CPU
		{F6D5F552-2CA4-41BA-9F8C-C956D2116077}.Debug|Any CPU.ActiveCfg = Debug|Any CPU
		{F6D5F552-2CA4-41BA-9F8C-C956D2116077}.Debug|Any CPU.Build.0 = Debug|Any CPU
		{F6D5F552-2CA4-41BA-9F8C-C956D2116077}.Release|Any CPU.ActiveCfg = Release|Any CPU
		{F6D5F552-2CA4-41BA-9F8C-C956D2116077}.Release|Any CPU.Build.0 = Release|Any CPU
	EndGlobalSection
	GlobalSection(SolutionProperties) = preSolution
		HideSolutionNode = FALSE
	EndGlobalSection
	GlobalSection(ExtensibilityGlobals) = postSolution
		SolutionGuid = {50458CA0-4F0E-4770-8DD5-BC2FB3535028}
	EndGlobalSection
EndGlobal
